
Microsoft Visual Studio Solution File, Format Version 12.00
# Visual Studio Version 17
VisualStudioVersion = 17.4.33213.308
MinimumVisualStudioVersion = 10.0.40219.1
Project("{FAE04EC0-301F-11D3-BF4B-00C04F79EFBC}") = "MyDerivedClass", "MyDerivedClass.csproj", "{385A26A4-3C1A-43C5-8834-3253D885B746}"
EndProject
Global
	GlobalSection(SolutionConfigurationPlatforms) = preSolution
		Debug|Any CPU = Debug|Any CPU
		Release|Any CPU = Release|Any CPU
	EndGlobalSection
	GlobalSection(ProjectConfigurationPlatforms) = postSolution
		{385A26A4-3C1A-43C5-8834-3253D885B746}.Debug|Any CPU.ActiveCfg = Debug|Any CPU
		{385A26A4-3C1A-43C5-8834-3253D885B746}.Debug|Any CPU.Build.0 = Debug|Any CPU
		{385A26A4-3C1A-43C5-8834-3253D885B746}.Release|Any CPU.ActiveCfg = Release|Any CPU
		{385A26A4-3C1A-43C5-8834-3253D885B746}.Release|Any CPU.Build.0 = Release|Any CPU
	EndGlobalSection
	GlobalSection(SolutionProperties) = preSolution
		HideSolutionNode = FALSE
	EndGlobalSection
	GlobalSection(ExtensibilityGlobals) = postSolution
		SolutionGuid = {520C21F0-0585-488F-A278-D8F20830DF42}
	EndGlobalSection
EndGlobal
